
Microsoft Visual Studio Solution File, Format Version 12.00
# Visual Studio Version 17
VisualStudioVersion = 17.0.31919.166
MinimumVisualStudioVersion = 10.0.40219.1
Project("{FAE04EC0-301F-11D3-BF4B-00C04F79EFBC}") = "ConsoleApp8", "ConsoleApp8\ConsoleApp8.csproj", "{4845AD42-3D13-4DE4-BFC1-1BDBA81D6D7F}"
EndProject
Global
	GlobalSection(SolutionConfigurationPlatforms) = preSolution
		Debug|Any CPU = Debug|Any CPU
		Release|Any CPU = Release|Any CPU
	EndGlobalSection
	GlobalSection(ProjectConfigurationPlatforms) = postSolution
		{4845AD42-3D13-4DE4-BFC1-1BDBA81D6D7F}.Debug|Any CPU.ActiveCfg = Debug|Any CPU
		{4845AD42-3D13-4DE4-BFC1-1BDBA81D6D7F}.Debug|Any CPU.Build.0 = Debug|Any CPU
		{4845AD42-3D13-4DE4-BFC1-1BDBA81D6D7F}.Release|Any CPU.ActiveCfg = Release|Any CPU
		{4845AD42-3D13-4DE4-BFC1-1BDBA81D6D7F}.Release|Any CPU.Build.0 = Release|Any CPU
	EndGlobalSection
	GlobalSection(SolutionProperties) = preSolution
		HideSolutionNode = FALSE
	EndGlobalSection
	GlobalSection(ExtensibilityGlobals) = postSolution
		SolutionGuid = {C970D765-6F3F-40FE-8D78-CB6ACE2D100E}
	EndGlobalSection
EndGlobal
